
Microsoft Visual Studio Solution File, Format Version 12.00
# Visual Studio Version 17
VisualStudioVersion = 17.0.31903.59
MinimumVisualStudioVersion = 10.0.40219.1
Project("{2150E333-8FDC-42A3-9474-1A3956D46DE8}") = "src", "src", "{827E0CD3-B72D-47B6-A68D-7590B98EB39B}"
EndProject
Project("{FAE04EC0-301F-11D3-BF4B-00C04F79EFBC}") = "GameShift.MemoryOptimizer.Core", "src\GameShift.MemoryOptimizer.Core\GameShift.MemoryOptimizer.Core.csproj", "{587DDDF8-6560-45EE-B45B-A4FACE8C95BF}"
EndProject
Project("{FAE04EC0-301F-11D3-BF4B-00C04F79EFBC}") = "GameShift.MemoryService", "src\GameShift.MemoryService\GameShift.MemoryService.csproj", "{7CA76575-6FCE-4C05-B814-BD193E3B6B73}"
EndProject
Project("{FAE04EC0-301F-11D3-BF4B-00C04F79EFBC}") = "GameShift.MemoryOptimizer", "src\GameShift.MemoryOptimizer\GameShift.MemoryOptimizer.csproj", "{83FA401E-0255-4713-BC97-7983A5437D08}"
EndProject
Project("{2150E333-8FDC-42A3-9474-1A3956D46DE8}") = "tests", "tests", "{0AB3BF05-4346-4AA6-1389-037BE0695223}"
EndProject
Project("{FAE04EC0-301F-11D3-BF4B-00C04F79EFBC}") = "GameShift.MemoryOptimizer.Core.Tests", "tests\GameShift.MemoryOptimizer.Core.Tests\GameShift.MemoryOptimizer.Core.Tests.csproj", "{F69283E7-718B-4ED7-AA9E-DE1169C6B421}"
EndProject
Project("{FAE04EC0-301F-11D3-BF4B-00C04F79EFBC}") = "GameShift.MemoryOptimizer.Security.Tests", "tests\GameShift.MemoryOptimizer.Security.Tests\GameShift.MemoryOptimizer.Security.Tests.csproj", "{D3805117-2634-4B35-8E8C-D9CF4563664F}"
EndProject
Global
	GlobalSection(SolutionConfigurationPlatforms) = preSolution
		Debug|Any CPU = Debug|Any CPU
		Debug|x64 = Debug|x64
		Debug|x86 = Debug|x86
		Release|Any CPU = Release|Any CPU
		Release|x64 = Release|x64
		Release|x86 = Release|x86
	EndGlobalSection
	GlobalSection(ProjectConfigurationPlatforms) = postSolution
		{587DDDF8-6560-45EE-B45B-A4FACE8C95BF}.Debug|Any CPU.ActiveCfg = Debug|Any CPU
		{587DDDF8-6560-45EE-B45B-A4FACE8C95BF}.Debug|Any CPU.Build.0 = Debug|Any CPU
		{587DDDF8-6560-45EE-B45B-A4FACE8C95BF}.Debug|x64.ActiveCfg = Debug|Any CPU
		{587DDDF8-6560-45EE-B45B-A4FACE8C95BF}.Debug|x64.Build.0 = Debug|Any CPU
		{587DDDF8-6560-45EE-B45B-A4FACE8C95BF}.Debug|x86.ActiveCfg = Debug|Any CPU
		{587DDDF8-6560-45EE-B45B-A4FACE8C95BF}.Debug|x86.Build.0 = Debug|Any CPU
		{587DDDF8-6560-45EE-B45B-A4FACE8C95BF}.Release|Any CPU.ActiveCfg = Release|Any CPU
		{587DDDF8-6560-45EE-B45B-A4FACE8C95BF}.Release|Any CPU.Build.0 = Release|Any CPU
		{587DDDF8-6560-45EE-B45B-A4FACE8C95BF}.Release|x64.ActiveCfg = Release|Any CPU
		{587DDDF8-6560-45EE-B45B-A4FACE8C95BF}.Release|x64.Build.0 = Release|Any CPU
		{587DDDF8-6560-45EE-B45B-A4FACE8C95BF}.Release|x86.ActiveCfg = Release|Any CPU
		{587DDDF8-6560-45EE-B45B-A4FACE8C95BF}.Release|x86.Build.0 = Release|Any CPU
		{7CA76575-6FCE-4C05-B814-BD193E3B6B73}.Debug|Any CPU.ActiveCfg = Debug|Any CPU
		{7CA76575-6FCE-4C05-B814-BD193E3B6B73}.Debug|Any CPU.Build.0 = Debug|Any CPU
		{7CA76575-6FCE-4C05-B814-BD193E3B6B73}.Debug|x64.ActiveCfg = Debug|Any CPU
		{7CA76575-6FCE-4C05-B814-BD193E3B6B73}.Debug|x64.Build.0 = Debug|Any CPU
		{7CA76575-6FCE-4C05-B814-BD193E3B6B73}.Debug|x86.ActiveCfg = Debug|Any CPU
		{7CA76575-6FCE-4C05-B814-BD193E3B6B73}.Debug|x86.Build.0 = Debug|Any CPU
		{7CA76575-6FCE-4C05-B814-BD193E3B6B73}.Release|Any CPU.ActiveCfg = Release|Any CPU
		{7CA76575-6FCE-4C05-B814-BD193E3B6B73}.Release|Any CPU.Build.0 = Release|Any CPU
		{7CA76575-6FCE-4C05-B814-BD193E3B6B73}.Release|x64.ActiveCfg = Release|Any CPU
		{7CA76575-6FCE-4C05-B814-BD193E3B6B73}.Release|x64.Build.0 = Release|Any CPU
		{7CA76575-6FCE-4C05-B814-BD193E3B6B73}.Release|x86.ActiveCfg = Release|Any CPU
		{7CA76575-6FCE-4C05-B814-BD193E3B6B73}.Release|x86.Build.0 = Release|Any CPU
		{83FA401E-0255-4713-BC97-7983A5437D08}.Debug|Any CPU.ActiveCfg = Debug|Any CPU
		{83FA401E-0255-4713-BC97-7983A5437D08}.Debug|Any CPU.Build.0 = Debug|Any CPU
		{83FA401E-0255-4713-BC97-7983A5437D08}.Debug|x64.ActiveCfg = Debug|Any CPU
		{83FA401E-0255-4713-BC97-7983A5437D08}.Debug|x64.Build.0 = Debug|Any CPU
		{83FA401E-0255-4713-BC97-7983A5437D08}.Debug|x86.ActiveCfg = Debug|Any CPU
		{83FA401E-0255-4713-BC97-7983A5437D08}.Debug|x86.Build.0 = Debug|Any CPU
		{83FA401E-0255-4713-BC97-7983A5437D08}.Release|Any CPU.ActiveCfg = Release|Any CPU
		{83FA401E-0255-4713-BC97-7983A5437D08}.Release|Any CPU.Build.0 = Release|Any CPU
		{83FA401E-0255-4713-BC97-7983A5437D08}.Release|x64.ActiveCfg = Release|Any CPU
		{83FA401E-0255-4713-BC97-7983A5437D08}.Release|x64.Build.0 = Release|Any CPU
		{83FA401E-0255-4713-BC97-7983A5437D08}.Release|x86.ActiveCfg = Release|Any CPU
		{83FA401E-0255-4713-BC97-7983A5437D08}.Release|x86.Build.0 = Release|Any CPU
		{F69283E7-718B-4ED7-AA9E-DE1169C6B421}.Debug|Any CPU.ActiveCfg = Debug|Any CPU
		{F69283E7-718B-4ED7-AA9E-DE1169C6B421}.Debug|Any CPU.Build.0 = Debug|Any CPU
		{F69283E7-718B-4ED7-AA9E-DE1169C6B421}.Debug|x64.ActiveCfg = Debug|Any CPU
		{F69283E7-718B-4ED7-AA9E-DE1169C6B421}.Debug|x64.Build.0 = Debug|Any CPU
		{F69283E7-718B-4ED7-AA9E-DE1169C6B421}.Debug|x86.ActiveCfg = Debug|Any CPU
		{F69283E7-718B-4ED7-AA9E-DE1169C6B421}.Debug|x86.Build.0 = Debug|Any CPU
		{F69283E7-718B-4ED7-AA9E-DE1169C6B421}.Release|Any CPU.ActiveCfg = Release|Any CPU
		{F69283E7-718B-4ED7-AA9E-DE1169C6B421}.Release|Any CPU.Build.0 = Release|Any CPU
		{F69283E7-718B-4ED7-AA9E-DE1169C6B421}.Release|x64.ActiveCfg = Release|Any CPU
		{F69283E7-718B-4ED7-AA9E-DE1169C6B421}.Release|x64.Build.0 = Release|Any CPU
		{F69283E7-718B-4ED7-AA9E-DE1169C6B421}.Release|x86.ActiveCfg = Release|Any CPU
		{F69283E7-718B-4ED7-AA9E-DE1169C6B421}.Release|x86.Build.0 = Release|Any CPU
		{D3805117-2634-4B35-8E8C-D9CF4563664F}.Debug|Any CPU.ActiveCfg = Debug|Any CPU
		{D3805117-2634-4B35-8E8C-D9CF4563664F}.Debug|Any CPU.Build.0 = Debug|Any CPU
		{D3805117-2634-4B35-8E8C-D9CF4563664F}.Debug|x64.ActiveCfg = Debug|Any CPU
		{D3805117-2634-4B35-8E8C-D9CF4563664F}.Debug|x64.Build.0 = Debug|Any CPU
		{D3805117-2634-4B35-8E8C-D9CF4563664F}.Debug|x86.ActiveCfg = Debug|Any CPU
		{D3805117-2634-4B35-8E8C-D9CF4563664F}.Debug|x86.Build.0 = Debug|Any CPU
		{D3805117-2634-4B35-8E8C-D9CF4563664F}.Release|Any CPU.ActiveCfg = Release|Any CPU
		{D3805117-2634-4B35-8E8C-D9CF4563664F}.Release|Any CPU.Build.0 = Release|Any CPU
		{D3805117-2634-4B35-8E8C-D9CF4563664F}.Release|x64.ActiveCfg = Release|Any CPU
		{D3805117-2634-4B35-8E8C-D9CF4563664F}.Release|x64.Build.0 = Release|Any CPU
		{D3805117-2634-4B35-8E8C-D9CF4563664F}.Release|x86.ActiveCfg = Release|Any CPU
		{D3805117-2634-4B35-8E8C-D9CF4563664F}.Release|x86.Build.0 = Release|Any CPU
	EndGlobalSection
	GlobalSection(SolutionProperties) = preSolution
		HideSolutionNode = FALSE
	EndGlobalSection
	GlobalSection(NestedProjects) = preSolution
		{587DDDF8-6560-45EE-B45B-A4FACE8C95BF} = {827E0CD3-B72D-47B6-A68D-7590B98EB39B}
		{7CA76575-6FCE-4C05-B814-BD193E3B6B73} = {827E0CD3-B72D-47B6-A68D-7590B98EB39B}
		{83FA401E-0255-4713-BC97-7983A5437D08} = {827E0CD3-B72D-47B6-A68D-7590B98EB39B}
		{F69283E7-718B-4ED7-AA9E-DE1169C6B421} = {0AB3BF05-4346-4AA6-1389-037BE0695223}
		{D3805117-2634-4B35-8E8C-D9CF4563664F} = {0AB3BF05-4346-4AA6-1389-037BE0695223}
	EndGlobalSection
EndGlobal
