
Microsoft Visual Studio Solution File, Format Version 12.00
# Visual Studio Version 18
VisualStudioVersion = 18.0.0.0
MinimumVisualStudioVersion = 10.0.40219.1
Project("{FAE04EC0-301F-11D3-BF4B-00C04F79EFBC}") = "Dismode.Contracts", "src\Dismode.Contracts\Dismode.Contracts.csproj", "{0F31F445-1B1A-49F7-AB5F-6A196434B26D}"
EndProject
Project("{FAE04EC0-301F-11D3-BF4B-00C04F79EFBC}") = "Dismode.Core", "src\Dismode.Core\Dismode.Core.csproj", "{84711A6B-FD81-4EA3-B594-94BD516AAEB4}"
EndProject
Project("{FAE04EC0-301F-11D3-BF4B-00C04F79EFBC}") = "Dismode.Data", "src\Dismode.Data\Dismode.Data.csproj", "{8CE1CB9C-3D95-4C7F-BE97-D252ECE14A1B}"
EndProject
Project("{FAE04EC0-301F-11D3-BF4B-00C04F79EFBC}") = "Dismode.Windows", "src\Dismode.Windows\Dismode.Windows.csproj", "{6AA04D2C-4C77-4385-AB69-36D48439BE8C}"
EndProject
Project("{FAE04EC0-301F-11D3-BF4B-00C04F79EFBC}") = "Dismode.SessionHost", "src\Dismode.SessionHost\Dismode.SessionHost.csproj", "{FE7BC644-B2FC-4A7D-97CB-FFEC6CA1BECD}"
EndProject
Project("{FAE04EC0-301F-11D3-BF4B-00C04F79EFBC}") = "Dismode.SystemAgent", "src\Dismode.SystemAgent\Dismode.SystemAgent.csproj", "{9E526C09-9402-47B7-930D-6F9506C50D6B}"
EndProject
Project("{FAE04EC0-301F-11D3-BF4B-00C04F79EFBC}") = "Dismode.UI", "src\Dismode.UI\Dismode.UI.csproj", "{4673F223-DFB5-49D2-8AE8-48AF571134E3}"
EndProject
Project("{FAE04EC0-301F-11D3-BF4B-00C04F79EFBC}") = "Dismode.UnitTests", "tests\Dismode.UnitTests\Dismode.UnitTests.csproj", "{4C42D258-9E49-4EF1-A0CF-E0353AF843D6}"
EndProject
Project("{FAE04EC0-301F-11D3-BF4B-00C04F79EFBC}") = "Dismode.RecoveryTests", "tests\Dismode.RecoveryTests\Dismode.RecoveryTests.csproj", "{AC099DDC-D59E-45ED-9973-C7D0F1636259}"
EndProject
Project("{FAE04EC0-301F-11D3-BF4B-00C04F79EFBC}") = "Dismode.IntegrationTests", "tests\Dismode.IntegrationTests\Dismode.IntegrationTests.csproj", "{7919FBD0-7845-43E6-A029-A0B8729AF45D}"
EndProject
Project("{FAE04EC0-301F-11D3-BF4B-00C04F79EFBC}") = "Dismode.SecurityTests", "tests\Dismode.SecurityTests\Dismode.SecurityTests.csproj", "{D0F32876-02A6-4F17-A0C7-7837DE825A2D}"
EndProject
Project("{FAE04EC0-301F-11D3-BF4B-00C04F79EFBC}") = "Dismode.SessionSimulator", "tools\Dismode.SessionSimulator\Dismode.SessionSimulator.csproj", "{A751C7C8-D30F-4C8F-9B3B-36D49F9FBD12}"
EndProject
Project("{FAE04EC0-301F-11D3-BF4B-00C04F79EFBC}") = "Dismode.ProcessTestHarness", "tools\Dismode.ProcessTestHarness\Dismode.ProcessTestHarness.csproj", "{25311C34-CC6E-479A-8148-E726E16E526F}"
EndProject
Project("{2150E333-8FDC-42A3-9474-1A3956D46DE8}") = "src", "src", "{827E0CD3-B72D-47B6-A68D-7590B98EB39B}"
EndProject
Project("{FAE04EC0-301F-11D3-BF4B-00C04F79EFBC}") = "Dismode.Launcher", "src\Dismode.Launcher\Dismode.Launcher.csproj", "{54B7A3AA-0AFD-4600-A82D-C5F55A4F63C6}"
EndProject
Project("{FAE04EC0-301F-11D3-BF4B-00C04F79EFBC}") = "Dismode.UpdatePublisher", "tools\Dismode.UpdatePublisher\Dismode.UpdatePublisher.csproj", "{7D2B5763-40BE-4E31-A740-6A44D33D9F35}"
EndProject
Project("{FAE04EC0-301F-11D3-BF4B-00C04F79EFBC}") = "Dismode.SystemOptimizer", "src\Dismode.SystemOptimizer\Dismode.SystemOptimizer.csproj", "{F94A2B2F-55AE-4EF6-99D2-B17A8FBE4BCF}"
EndProject
Global
	GlobalSection(SolutionConfigurationPlatforms) = preSolution
		Debug|Any CPU = Debug|Any CPU
		Debug|x64 = Debug|x64
		Debug|x86 = Debug|x86
		Release|Any CPU = Release|Any CPU
		Release|x64 = Release|x64
		Release|x86 = Release|x86
	EndGlobalSection
	GlobalSection(ProjectConfigurationPlatforms) = postSolution
		{0F31F445-1B1A-49F7-AB5F-6A196434B26D}.Debug|Any CPU.ActiveCfg = Debug|Any CPU
		{0F31F445-1B1A-49F7-AB5F-6A196434B26D}.Debug|Any CPU.Build.0 = Debug|Any CPU
		{0F31F445-1B1A-49F7-AB5F-6A196434B26D}.Debug|x64.ActiveCfg = Debug|Any CPU
		{0F31F445-1B1A-49F7-AB5F-6A196434B26D}.Debug|x64.Build.0 = Debug|Any CPU
		{0F31F445-1B1A-49F7-AB5F-6A196434B26D}.Debug|x86.ActiveCfg = Debug|Any CPU
		{0F31F445-1B1A-49F7-AB5F-6A196434B26D}.Debug|x86.Build.0 = Debug|Any CPU
		{0F31F445-1B1A-49F7-AB5F-6A196434B26D}.Release|Any CPU.ActiveCfg = Release|Any CPU
		{0F31F445-1B1A-49F7-AB5F-6A196434B26D}.Release|Any CPU.Build.0 = Release|Any CPU
		{0F31F445-1B1A-49F7-AB5F-6A196434B26D}.Release|x64.ActiveCfg = Release|Any CPU
		{0F31F445-1B1A-49F7-AB5F-6A196434B26D}.Release|x64.Build.0 = Release|Any CPU
		{0F31F445-1B1A-49F7-AB5F-6A196434B26D}.Release|x86.ActiveCfg = Release|Any CPU
		{0F31F445-1B1A-49F7-AB5F-6A196434B26D}.Release|x86.Build.0 = Release|Any CPU
		{84711A6B-FD81-4EA3-B594-94BD516AAEB4}.Debug|Any CPU.ActiveCfg = Debug|Any CPU
		{84711A6B-FD81-4EA3-B594-94BD516AAEB4}.Debug|Any CPU.Build.0 = Debug|Any CPU
		{84711A6B-FD81-4EA3-B594-94BD516AAEB4}.Debug|x64.ActiveCfg = Debug|Any CPU
		{84711A6B-FD81-4EA3-B594-94BD516AAEB4}.Debug|x64.Build.0 = Debug|Any CPU
		{84711A6B-FD81-4EA3-B594-94BD516AAEB4}.Debug|x86.ActiveCfg = Debug|Any CPU
		{84711A6B-FD81-4EA3-B594-94BD516AAEB4}.Debug|x86.Build.0 = Debug|Any CPU
		{84711A6B-FD81-4EA3-B594-94BD516AAEB4}.Release|Any CPU.ActiveCfg = Release|Any CPU
		{84711A6B-FD81-4EA3-B594-94BD516AAEB4}.Release|Any CPU.Build.0 = Release|Any CPU
		{84711A6B-FD81-4EA3-B594-94BD516AAEB4}.Release|x64.ActiveCfg = Release|Any CPU
		{84711A6B-FD81-4EA3-B594-94BD516AAEB4}.Release|x64.Build.0 = Release|Any CPU
		{84711A6B-FD81-4EA3-B594-94BD516AAEB4}.Release|x86.ActiveCfg = Release|Any CPU
		{84711A6B-FD81-4EA3-B594-94BD516AAEB4}.Release|x86.Build.0 = Release|Any CPU
		{8CE1CB9C-3D95-4C7F-BE97-D252ECE14A1B}.Debug|Any CPU.ActiveCfg = Debug|Any CPU
		{8CE1CB9C-3D95-4C7F-BE97-D252ECE14A1B}.Debug|Any CPU.Build.0 = Debug|Any CPU
		{8CE1CB9C-3D95-4C7F-BE97-D252ECE14A1B}.Debug|x64.ActiveCfg = Debug|Any CPU
		{8CE1CB9C-3D95-4C7F-BE97-D252ECE14A1B}.Debug|x64.Build.0 = Debug|Any CPU
		{8CE1CB9C-3D95-4C7F-BE97-D252ECE14A1B}.Debug|x86.ActiveCfg = Debug|Any CPU
		{8CE1CB9C-3D95-4C7F-BE97-D252ECE14A1B}.Debug|x86.Build.0 = Debug|Any CPU
		{8CE1CB9C-3D95-4C7F-BE97-D252ECE14A1B}.Release|Any CPU.ActiveCfg = Release|Any CPU
		{8CE1CB9C-3D95-4C7F-BE97-D252ECE14A1B}.Release|Any CPU.Build.0 = Release|Any CPU
		{8CE1CB9C-3D95-4C7F-BE97-D252ECE14A1B}.Release|x64.ActiveCfg = Release|Any CPU
		{8CE1CB9C-3D95-4C7F-BE97-D252ECE14A1B}.Release|x64.Build.0 = Release|Any CPU
		{8CE1CB9C-3D95-4C7F-BE97-D252ECE14A1B}.Release|x86.ActiveCfg = Release|Any CPU
		{8CE1CB9C-3D95-4C7F-BE97-D252ECE14A1B}.Release|x86.Build.0 = Release|Any CPU
		{6AA04D2C-4C77-4385-AB69-36D48439BE8C}.Debug|Any CPU.ActiveCfg = Debug|Any CPU
		{6AA04D2C-4C77-4385-AB69-36D48439BE8C}.Debug|Any CPU.Build.0 = Debug|Any CPU
		{6AA04D2C-4C77-4385-AB69-36D48439BE8C}.Debug|x64.ActiveCfg = Debug|Any CPU
		{6AA04D2C-4C77-4385-AB69-36D48439BE8C}.Debug|x64.Build.0 = Debug|Any CPU
		{6AA04D2C-4C77-4385-AB69-36D48439BE8C}.Debug|x86.ActiveCfg = Debug|Any CPU
		{6AA04D2C-4C77-4385-AB69-36D48439BE8C}.Debug|x86.Build.0 = Debug|Any CPU
		{6AA04D2C-4C77-4385-AB69-36D48439BE8C}.Release|Any CPU.ActiveCfg = Release|Any CPU
		{6AA04D2C-4C77-4385-AB69-36D48439BE8C}.Release|Any CPU.Build.0 = Release|Any CPU
		{6AA04D2C-4C77-4385-AB69-36D48439BE8C}.Release|x64.ActiveCfg = Release|Any CPU
		{6AA04D2C-4C77-4385-AB69-36D48439BE8C}.Release|x64.Build.0 = Release|Any CPU
		{6AA04D2C-4C77-4385-AB69-36D48439BE8C}.Release|x86.ActiveCfg = Release|Any CPU
		{6AA04D2C-4C77-4385-AB69-36D48439BE8C}.Release|x86.Build.0 = Release|Any CPU
		{FE7BC644-B2FC-4A7D-97CB-FFEC6CA1BECD}.Debug|Any CPU.ActiveCfg = Debug|Any CPU
		{FE7BC644-B2FC-4A7D-97CB-FFEC6CA1BECD}.Debug|Any CPU.Build.0 = Debug|Any CPU
		{FE7BC644-B2FC-4A7D-97CB-FFEC6CA1BECD}.Debug|x64.ActiveCfg = Debug|Any CPU
		{FE7BC644-B2FC-4A7D-97CB-FFEC6CA1BECD}.Debug|x64.Build.0 = Debug|Any CPU
		{FE7BC644-B2FC-4A7D-97CB-FFEC6CA1BECD}.Debug|x86.ActiveCfg = Debug|Any CPU
		{FE7BC644-B2FC-4A7D-97CB-FFEC6CA1BECD}.Debug|x86.Build.0 = Debug|Any CPU
		{FE7BC644-B2FC-4A7D-97CB-FFEC6CA1BECD}.Release|Any CPU.ActiveCfg = Release|Any CPU
		{FE7BC644-B2FC-4A7D-97CB-FFEC6CA1BECD}.Release|Any CPU.Build.0 = Release|Any CPU
		{FE7BC644-B2FC-4A7D-97CB-FFEC6CA1BECD}.Release|x64.ActiveCfg = Release|Any CPU
		{FE7BC644-B2FC-4A7D-97CB-FFEC6CA1BECD}.Release|x64.Build.0 = Release|Any CPU
		{FE7BC644-B2FC-4A7D-97CB-FFEC6CA1BECD}.Release|x86.ActiveCfg = Release|Any CPU
		{FE7BC644-B2FC-4A7D-97CB-FFEC6CA1BECD}.Release|x86.Build.0 = Release|Any CPU
		{9E526C09-9402-47B7-930D-6F9506C50D6B}.Debug|Any CPU.ActiveCfg = Debug|Any CPU
		{9E526C09-9402-47B7-930D-6F9506C50D6B}.Debug|Any CPU.Build.0 = Debug|Any CPU
		{9E526C09-9402-47B7-930D-6F9506C50D6B}.Debug|x64.ActiveCfg = Debug|Any CPU
		{9E526C09-9402-47B7-930D-6F9506C50D6B}.Debug|x64.Build.0 = Debug|Any CPU
		{9E526C09-9402-47B7-930D-6F9506C50D6B}.Debug|x86.ActiveCfg = Debug|Any CPU
		{9E526C09-9402-47B7-930D-6F9506C50D6B}.Debug|x86.Build.0 = Debug|Any CPU
		{9E526C09-9402-47B7-930D-6F9506C50D6B}.Release|Any CPU.ActiveCfg = Release|Any CPU
		{9E526C09-9402-47B7-930D-6F9506C50D6B}.Release|Any CPU.Build.0 = Release|Any CPU
		{9E526C09-9402-47B7-930D-6F9506C50D6B}.Release|x64.ActiveCfg = Release|Any CPU
		{9E526C09-9402-47B7-930D-6F9506C50D6B}.Release|x64.Build.0 = Release|Any CPU
		{9E526C09-9402-47B7-930D-6F9506C50D6B}.Release|x86.ActiveCfg = Release|Any CPU
		{9E526C09-9402-47B7-930D-6F9506C50D6B}.Release|x86.Build.0 = Release|Any CPU
		{4673F223-DFB5-49D2-8AE8-48AF571134E3}.Debug|Any CPU.ActiveCfg = Debug|Any CPU
		{4673F223-DFB5-49D2-8AE8-48AF571134E3}.Debug|Any CPU.Build.0 = Debug|Any CPU
		{4673F223-DFB5-49D2-8AE8-48AF571134E3}.Debug|x64.ActiveCfg = Debug|Any CPU
		{4673F223-DFB5-49D2-8AE8-48AF571134E3}.Debug|x64.Build.0 = Debug|Any CPU
		{4673F223-DFB5-49D2-8AE8-48AF571134E3}.Debug|x86.ActiveCfg = Debug|Any CPU
		{4673F223-DFB5-49D2-8AE8-48AF571134E3}.Debug|x86.Build.0 = Debug|Any CPU
		{4673F223-DFB5-49D2-8AE8-48AF571134E3}.Release|Any CPU.ActiveCfg = Release|Any CPU
		{4673F223-DFB5-49D2-8AE8-48AF571134E3}.Release|Any CPU.Build.0 = Release|Any CPU
		{4673F223-DFB5-49D2-8AE8-48AF571134E3}.Release|x64.ActiveCfg = Release|Any CPU
		{4673F223-DFB5-49D2-8AE8-48AF571134E3}.Release|x64.Build.0 = Release|Any CPU
		{4673F223-DFB5-49D2-8AE8-48AF571134E3}.Release|x86.ActiveCfg = Release|Any CPU
		{4673F223-DFB5-49D2-8AE8-48AF571134E3}.Release|x86.Build.0 = Release|Any CPU
		{4C42D258-9E49-4EF1-A0CF-E0353AF843D6}.Debug|Any CPU.ActiveCfg = Debug|Any CPU
		{4C42D258-9E49-4EF1-A0CF-E0353AF843D6}.Debug|Any CPU.Build.0 = Debug|Any CPU
		{4C42D258-9E49-4EF1-A0CF-E0353AF843D6}.Debug|x64.ActiveCfg = Debug|Any CPU
		{4C42D258-9E49-4EF1-A0CF-E0353AF843D6}.Debug|x64.Build.0 = Debug|Any CPU
		{4C42D258-9E49-4EF1-A0CF-E0353AF843D6}.Debug|x86.ActiveCfg = Debug|Any CPU
		{4C42D258-9E49-4EF1-A0CF-E0353AF843D6}.Debug|x86.Build.0 = Debug|Any CPU
		{4C42D258-9E49-4EF1-A0CF-E0353AF843D6}.Release|Any CPU.ActiveCfg = Release|Any CPU
		{4C42D258-9E49-4EF1-A0CF-E0353AF843D6}.Release|Any CPU.Build.0 = Release|Any CPU
		{4C42D258-9E49-4EF1-A0CF-E0353AF843D6}.Release|x64.ActiveCfg = Release|Any CPU
		{4C42D258-9E49-4EF1-A0CF-E0353AF843D6}.Release|x64.Build.0 = Release|Any CPU
		{4C42D258-9E49-4EF1-A0CF-E0353AF843D6}.Release|x86.ActiveCfg = Release|Any CPU
		{4C42D258-9E49-4EF1-A0CF-E0353AF843D6}.Release|x86.Build.0 = Release|Any CPU
		{AC099DDC-D59E-45ED-9973-C7D0F1636259}.Debug|Any CPU.ActiveCfg = Debug|Any CPU
		{AC099DDC-D59E-45ED-9973-C7D0F1636259}.Debug|Any CPU.Build.0 = Debug|Any CPU
		{AC099DDC-D59E-45ED-9973-C7D0F1636259}.Debug|x64.ActiveCfg = Debug|Any CPU
		{AC099DDC-D59E-45ED-9973-C7D0F1636259}.Debug|x64.Build.0 = Debug|Any CPU
		{AC099DDC-D59E-45ED-9973-C7D0F1636259}.Debug|x86.ActiveCfg = Debug|Any CPU
		{AC099DDC-D59E-45ED-9973-C7D0F1636259}.Debug|x86.Build.0 = Debug|Any CPU
		{AC099DDC-D59E-45ED-9973-C7D0F1636259}.Release|Any CPU.ActiveCfg = Release|Any CPU
		{AC099DDC-D59E-45ED-9973-C7D0F1636259}.Release|Any CPU.Build.0 = Release|Any CPU
		{AC099DDC-D59E-45ED-9973-C7D0F1636259}.Release|x64.ActiveCfg = Release|Any CPU
		{AC099DDC-D59E-45ED-9973-C7D0F1636259}.Release|x64.Build.0 = Release|Any CPU
		{AC099DDC-D59E-45ED-9973-C7D0F1636259}.Release|x86.ActiveCfg = Release|Any CPU
		{AC099DDC-D59E-45ED-9973-C7D0F1636259}.Release|x86.Build.0 = Release|Any CPU
		{7919FBD0-7845-43E6-A029-A0B8729AF45D}.Debug|Any CPU.ActiveCfg = Debug|Any CPU
		{7919FBD0-7845-43E6-A029-A0B8729AF45D}.Debug|Any CPU.Build.0 = Debug|Any CPU
		{7919FBD0-7845-43E6-A029-A0B8729AF45D}.Debug|x64.ActiveCfg = Debug|Any CPU
		{7919FBD0-7845-43E6-A029-A0B8729AF45D}.Debug|x64.Build.0 = Debug|Any CPU
		{7919FBD0-7845-43E6-A029-A0B8729AF45D}.Debug|x86.ActiveCfg = Debug|Any CPU
		{7919FBD0-7845-43E6-A029-A0B8729AF45D}.Debug|x86.Build.0 = Debug|Any CPU
		{7919FBD0-7845-43E6-A029-A0B8729AF45D}.Release|Any CPU.ActiveCfg = Release|Any CPU
		{7919FBD0-7845-43E6-A029-A0B8729AF45D}.Release|Any CPU.Build.0 = Release|Any CPU
		{7919FBD0-7845-43E6-A029-A0B8729AF45D}.Release|x64.ActiveCfg = Release|Any CPU
		{7919FBD0-7845-43E6-A029-A0B8729AF45D}.Release|x64.Build.0 = Release|Any CPU
		{7919FBD0-7845-43E6-A029-A0B8729AF45D}.Release|x86.ActiveCfg = Release|Any CPU
		{7919FBD0-7845-43E6-A029-A0B8729AF45D}.Release|x86.Build.0 = Release|Any CPU
		{D0F32876-02A6-4F17-A0C7-7837DE825A2D}.Debug|Any CPU.ActiveCfg = Debug|Any CPU
		{D0F32876-02A6-4F17-A0C7-7837DE825A2D}.Debug|Any CPU.Build.0 = Debug|Any CPU
		{D0F32876-02A6-4F17-A0C7-7837DE825A2D}.Debug|x64.ActiveCfg = Debug|Any CPU
		{D0F32876-02A6-4F17-A0C7-7837DE825A2D}.Debug|x64.Build.0 = Debug|Any CPU
		{D0F32876-02A6-4F17-A0C7-7837DE825A2D}.Debug|x86.ActiveCfg = Debug|Any CPU
		{D0F32876-02A6-4F17-A0C7-7837DE825A2D}.Debug|x86.Build.0 = Debug|Any CPU
		{D0F32876-02A6-4F17-A0C7-7837DE825A2D}.Release|Any CPU.ActiveCfg = Release|Any CPU
		{D0F32876-02A6-4F17-A0C7-7837DE825A2D}.Release|Any CPU.Build.0 = Release|Any CPU
		{D0F32876-02A6-4F17-A0C7-7837DE825A2D}.Release|x64.ActiveCfg = Release|Any CPU
		{D0F32876-02A6-4F17-A0C7-7837DE825A2D}.Release|x64.Build.0 = Release|Any CPU
		{D0F32876-02A6-4F17-A0C7-7837DE825A2D}.Release|x86.ActiveCfg = Release|Any CPU
		{D0F32876-02A6-4F17-A0C7-7837DE825A2D}.Release|x86.Build.0 = Release|Any CPU
		{A751C7C8-D30F-4C8F-9B3B-36D49F9FBD12}.Debug|Any CPU.ActiveCfg = Debug|Any CPU
		{A751C7C8-D30F-4C8F-9B3B-36D49F9FBD12}.Debug|Any CPU.Build.0 = Debug|Any CPU
		{A751C7C8-D30F-4C8F-9B3B-36D49F9FBD12}.Debug|x64.ActiveCfg = Debug|Any CPU
		{A751C7C8-D30F-4C8F-9B3B-36D49F9FBD12}.Debug|x64.Build.0 = Debug|Any CPU
		{A751C7C8-D30F-4C8F-9B3B-36D49F9FBD12}.Debug|x86.ActiveCfg = Debug|Any CPU
		{A751C7C8-D30F-4C8F-9B3B-36D49F9FBD12}.Debug|x86.Build.0 = Debug|Any CPU
		{A751C7C8-D30F-4C8F-9B3B-36D49F9FBD12}.Release|Any CPU.ActiveCfg = Release|Any CPU
		{A751C7C8-D30F-4C8F-9B3B-36D49F9FBD12}.Release|Any CPU.Build.0 = Release|Any CPU
		{A751C7C8-D30F-4C8F-9B3B-36D49F9FBD12}.Release|x64.ActiveCfg = Release|Any CPU
		{A751C7C8-D30F-4C8F-9B3B-36D49F9FBD12}.Release|x64.Build.0 = Release|Any CPU
		{A751C7C8-D30F-4C8F-9B3B-36D49F9FBD12}.Release|x86.ActiveCfg = Release|Any CPU
		{A751C7C8-D30F-4C8F-9B3B-36D49F9FBD12}.Release|x86.Build.0 = Release|Any CPU
		{25311C34-CC6E-479A-8148-E726E16E526F}.Debug|Any CPU.ActiveCfg = Debug|Any CPU
		{25311C34-CC6E-479A-8148-E726E16E526F}.Debug|Any CPU.Build.0 = Debug|Any CPU
		{25311C34-CC6E-479A-8148-E726E16E526F}.Debug|x64.ActiveCfg = Debug|Any CPU
		{25311C34-CC6E-479A-8148-E726E16E526F}.Debug|x64.Build.0 = Debug|Any CPU
		{25311C34-CC6E-479A-8148-E726E16E526F}.Debug|x86.ActiveCfg = Debug|Any CPU
		{25311C34-CC6E-479A-8148-E726E16E526F}.Debug|x86.Build.0 = Debug|Any CPU
		{25311C34-CC6E-479A-8148-E726E16E526F}.Release|Any CPU.ActiveCfg = Release|Any CPU
		{25311C34-CC6E-479A-8148-E726E16E526F}.Release|Any CPU.Build.0 = Release|Any CPU
		{25311C34-CC6E-479A-8148-E726E16E526F}.Release|x64.ActiveCfg = Release|Any CPU
		{25311C34-CC6E-479A-8148-E726E16E526F}.Release|x64.Build.0 = Release|Any CPU
		{25311C34-CC6E-479A-8148-E726E16E526F}.Release|x86.ActiveCfg = Release|Any CPU
		{25311C34-CC6E-479A-8148-E726E16E526F}.Release|x86.Build.0 = Release|Any CPU
		{54B7A3AA-0AFD-4600-A82D-C5F55A4F63C6}.Debug|Any CPU.ActiveCfg = Debug|Any CPU
		{54B7A3AA-0AFD-4600-A82D-C5F55A4F63C6}.Debug|Any CPU.Build.0 = Debug|Any CPU
		{54B7A3AA-0AFD-4600-A82D-C5F55A4F63C6}.Debug|x64.ActiveCfg = Debug|Any CPU
		{54B7A3AA-0AFD-4600-A82D-C5F55A4F63C6}.Debug|x64.Build.0 = Debug|Any CPU
		{54B7A3AA-0AFD-4600-A82D-C5F55A4F63C6}.Debug|x86.ActiveCfg = Debug|Any CPU
		{54B7A3AA-0AFD-4600-A82D-C5F55A4F63C6}.Debug|x86.Build.0 = Debug|Any CPU
		{54B7A3AA-0AFD-4600-A82D-C5F55A4F63C6}.Release|Any CPU.ActiveCfg = Release|Any CPU
		{54B7A3AA-0AFD-4600-A82D-C5F55A4F63C6}.Release|Any CPU.Build.0 = Release|Any CPU
		{54B7A3AA-0AFD-4600-A82D-C5F55A4F63C6}.Release|x64.ActiveCfg = Release|Any CPU
		{54B7A3AA-0AFD-4600-A82D-C5F55A4F63C6}.Release|x64.Build.0 = Release|Any CPU
		{54B7A3AA-0AFD-4600-A82D-C5F55A4F63C6}.Release|x86.ActiveCfg = Release|Any CPU
		{54B7A3AA-0AFD-4600-A82D-C5F55A4F63C6}.Release|x86.Build.0 = Release|Any CPU
		{7D2B5763-40BE-4E31-A740-6A44D33D9F35}.Debug|Any CPU.ActiveCfg = Debug|Any CPU
		{7D2B5763-40BE-4E31-A740-6A44D33D9F35}.Debug|Any CPU.Build.0 = Debug|Any CPU
		{7D2B5763-40BE-4E31-A740-6A44D33D9F35}.Debug|x64.ActiveCfg = Debug|Any CPU
		{7D2B5763-40BE-4E31-A740-6A44D33D9F35}.Debug|x64.Build.0 = Debug|Any CPU
		{7D2B5763-40BE-4E31-A740-6A44D33D9F35}.Debug|x86.ActiveCfg = Debug|Any CPU
		{7D2B5763-40BE-4E31-A740-6A44D33D9F35}.Debug|x86.Build.0 = Debug|Any CPU
		{7D2B5763-40BE-4E31-A740-6A44D33D9F35}.Release|Any CPU.ActiveCfg = Release|Any CPU
		{7D2B5763-40BE-4E31-A740-6A44D33D9F35}.Release|Any CPU.Build.0 = Release|Any CPU
		{7D2B5763-40BE-4E31-A740-6A44D33D9F35}.Release|x64.ActiveCfg = Release|Any CPU
		{7D2B5763-40BE-4E31-A740-6A44D33D9F35}.Release|x64.Build.0 = Release|Any CPU
		{7D2B5763-40BE-4E31-A740-6A44D33D9F35}.Release|x86.ActiveCfg = Release|Any CPU
		{7D2B5763-40BE-4E31-A740-6A44D33D9F35}.Release|x86.Build.0 = Release|Any CPU
		{F94A2B2F-55AE-4EF6-99D2-B17A8FBE4BCF}.Debug|Any CPU.ActiveCfg = Debug|Any CPU
		{F94A2B2F-55AE-4EF6-99D2-B17A8FBE4BCF}.Debug|Any CPU.Build.0 = Debug|Any CPU
		{F94A2B2F-55AE-4EF6-99D2-B17A8FBE4BCF}.Debug|x64.ActiveCfg = Debug|Any CPU
		{F94A2B2F-55AE-4EF6-99D2-B17A8FBE4BCF}.Debug|x64.Build.0 = Debug|Any CPU
		{F94A2B2F-55AE-4EF6-99D2-B17A8FBE4BCF}.Debug|x86.ActiveCfg = Debug|Any CPU
		{F94A2B2F-55AE-4EF6-99D2-B17A8FBE4BCF}.Debug|x86.Build.0 = Debug|Any CPU
		{F94A2B2F-55AE-4EF6-99D2-B17A8FBE4BCF}.Release|Any CPU.ActiveCfg = Release|Any CPU
		{F94A2B2F-55AE-4EF6-99D2-B17A8FBE4BCF}.Release|Any CPU.Build.0 = Release|Any CPU
		{F94A2B2F-55AE-4EF6-99D2-B17A8FBE4BCF}.Release|x64.ActiveCfg = Release|Any CPU
		{F94A2B2F-55AE-4EF6-99D2-B17A8FBE4BCF}.Release|x64.Build.0 = Release|Any CPU
		{F94A2B2F-55AE-4EF6-99D2-B17A8FBE4BCF}.Release|x86.ActiveCfg = Release|Any CPU
		{F94A2B2F-55AE-4EF6-99D2-B17A8FBE4BCF}.Release|x86.Build.0 = Release|Any CPU
	EndGlobalSection
	GlobalSection(SolutionProperties) = preSolution
		HideSolutionNode = FALSE
	EndGlobalSection
	GlobalSection(NestedProjects) = preSolution
		{54B7A3AA-0AFD-4600-A82D-C5F55A4F63C6} = {827E0CD3-B72D-47B6-A68D-7590B98EB39B}
		{F94A2B2F-55AE-4EF6-99D2-B17A8FBE4BCF} = {827E0CD3-B72D-47B6-A68D-7590B98EB39B}
	EndGlobalSection
EndGlobal
